<?xml version="1.0" encoding="utf-8"?>
<Project ToolsVersion="4.0" xmlns="http://schemas.microsoft.com/developer/msbuild/2003">
  <ItemGroup>
    <ClCompile Include="viewer.cpp" />
    <ClCompile Include="stdafx.cpp" />
    <ClCompile Include="view\3dview.cpp">
      <Filter>view</Filter>
    </ClCompile>
    <ClCompile Include="view\infoview.cpp">
      <Filter>view</Filter>
    </ClCompile>
    <ClCompile Include="global.cpp" />
    <ClCompile Include="pointcloud\pcdatabase.cpp">
      <Filter>pointcloud</Filter>
    </ClCompile>
    <ClCompile Include="view\hierarchyview.cpp">
      <Filter>view</Filter>
    </ClCompile>
    <ClCompile Include="pointcloud\pcmap.cpp">
      <Filter>pointcloud</Filter>
    </ClCompile>
  </ItemGroup>
  <ItemGroup>
    <ClInclude Include="stdafx.h" />
    <ClInclude Include="view\3dview.h">
      <Filter>view</Filter>
    </ClInclude>
    <ClInclude Include="view\infoview.h">
      <Filter>view</Filter>
    </ClInclude>
    <ClInclude Include="global.h" />
    <ClInclude Include="pointcloud\pcdatabase.h">
      <Filter>pointcloud</Filter>
    </ClInclude>
    <ClInclude Include="view\hierarchyview.h">
      <Filter>view</Filter>
    </ClInclude>
    <ClInclude Include="pointcloud\pcmap.h">
      <Filter>pointcloud</Filter>
    </ClInclude>
    <ClInclude Include="pointcloud\definition.h">
      <Filter>pointcloud</Filter>
    </ClInclude>
    <ClInclude Include="resource.h" />
  </ItemGroup>
  <ItemGroup>
    <Filter Include="view">
      <UniqueIdentifier>{2ba15e2a-461e-437e-a342-9c3294085117}</UniqueIdentifier>
    </Filter>
    <Filter Include="pointcloud">
      <UniqueIdentifier>{f142de3b-4f14-42e2-8fe1-68a5cd9a41fa}</UniqueIdentifier>
    </Filter>
    <Filter Include="Resource">
      <UniqueIdentifier>{44e2c273-55c8-4634-a679-28adee4be56b}</UniqueIdentifier>
    </Filter>
  </ItemGroup>
  <ItemGroup>
    <Image Include="icon1.ico" />
    <Image Include="icon2.ico" />
  </ItemGroup>
  <ItemGroup>
    <ResourceCompile Include="Viewer.rc">
      <Filter>Resource</Filter>
    </ResourceCompile>
  </ItemGroup>
  <ItemGroup>
    <None Include="cursor1.cur">
      <Filter>Resource</Filter>
    </None>
  </ItemGroup>
</Project>